Microsoft Visual Studio Solution File, Format Version 12.00
# Visual Studio 15
VisualStudioVersion = 15.0.28307.489
MinimumVisualStudioVersion = 10.0.40219.1
Project("{2150E333-8FDC-42A3-9474-1A3956D46DE8}") = "Backend", "Backend", "{C0729E20-51F7-4AF3-8F61-FB8FFCE45EF0}"
EndProject
Project("{2150E333-8FDC-42A3-9474-1A3956D46DE8}") = "Frontend", "Frontend", "{E93E4A79-5FD7-40FA-BE5A-AA6007999A7E}"
EndProject
Project("{2150E333-8FDC-42A3-9474-1A3956D46DE8}") = "Forms", "Forms", "{C62BC666-3099-43E5-81F7-65D971220E75}"
EndProject
Project("{2150E333-8FDC-42A3-9474-1A3956D46DE8}") = "Classic", "Classic", "{A3813AD1-5E85-4F44-95C8-11C50A30F8DD}"
EndProject
Project("{FAE04EC0-301F-11D3-BF4B-00C04F79EFBC}") = "Shop.UIForms.Android", "Forms\Shop.UIForms.Android\Shop.UIForms.Android.csproj", "{D7809D69-8CCD-40B2-A49A-0AF34D356E71}"
EndProject
Project("{FAE04EC0-301F-11D3-BF4B-00C04F79EFBC}") = "Shop.UIForms.iOS", "Forms\Shop.UIForms.iOS\Shop.UIForms.iOS.csproj", "{42F16A26-2F41-4048-9E59-5E03D98B2D87}"
EndProject
Project("{9A19103F-16F7-4668-BE54-9A1E7A4F7556}") = "Shop.UIForms", "Forms\Shop.UIForms\Shop.UIForms.csproj", "{4E105929-FEA0-452C-ABAC-D649D4FC70C5}"
EndProject
Project("{9A19103F-16F7-4668-BE54-9A1E7A4F7556}") = "Shop.Common", "Shop.Common\Shop.Common.csproj", "{DA0ED15F-0F7F-4F8A-8DA7-D6EF7F84ED53}"
EndProject
Project("{9A19103F-16F7-4668-BE54-9A1E7A4F7556}") = "Shop.UIClassic", "Shop.UIClassic\Shop.UIClassic.csproj", "{9FC0EE85-9E25-4415-8220-86E1B4DDE134}"
EndProject
Project("{FAE04EC0-301F-11D3-BF4B-00C04F79EFBC}") = "Shop.UIClassic.iOS", "Shop.UIClassic.iOS\Shop.UIClassic.iOS.csproj", "{80A96B52-6758-4BDB-B0B4-CEA4CA155C60}"
EndProject
Project("{FAE04EC0-301F-11D3-BF4B-00C04F79EFBC}") = "Shop.UIClassic.Android", "Shop.UIClassic.Android\Shop.UIClassic.Android.csproj", "{F392F657-3A42-41FC-BA6E-529EF0F5BF29}"
EndProject
Project("{FAE04EC0-301F-11D3-BF4B-00C04F79EFBC}") = "Shop.Web2", "Shop.Web2\Shop.Web2.csproj", "{BEDFB6F1-EC2D-4508-9CC9-14ED04D6ECC0}"
EndProject
Global
	GlobalSection(SolutionConfigurationPlatforms) = preSolution
		Ad-Hoc|Any CPU = Ad-Hoc|Any CPU
		Ad-Hoc|iPhone = Ad-Hoc|iPhone
		Ad-Hoc|iPhoneSimulator = Ad-Hoc|iPhoneSimulator
		AppStore|Any CPU = AppStore|Any CPU
		AppStore|iPhone = AppStore|iPhone
		AppStore|iPhoneSimulator = AppStore|iPhoneSimulator
		Debug|Any CPU = Debug|Any CPU
		Debug|iPhone = Debug|iPhone
		Debug|iPhoneSimulator = Debug|iPhoneSimulator
		Release|Any CPU = Release|Any CPU
		Release|iPhone = Release|iPhone
		Release|iPhoneSimulator = Release|iPhoneSimulator
	EndGlobalSection
	GlobalSection(ProjectConfigurationPlatforms) = postSolution
		{D7809D69-8CCD-40B2-A49A-0AF34D356E71}.Ad-Hoc|Any CPU.ActiveCfg = Release|Any CPU
		{D7809D69-8CCD-40B2-A49A-0AF34D356E71}.Ad-Hoc|Any CPU.Build.0 = Release|Any CPU
		{D7809D69-8CCD-40B2-A49A-0AF34D356E71}.Ad-Hoc|Any CPU.Deploy.0 = Release|Any CPU
		{D7809D69-8CCD-40B2-A49A-0AF34D356E71}.Ad-Hoc|iPhone.ActiveCfg = Debug|Any CPU
		{D7809D69-8CCD-40B2-A49A-0AF34D356E71}.Ad-Hoc|iPhone.Build.0 = Debug|Any CPU
		{D7809D69-8CCD-40B2-A49A-0AF34D356E71}.Ad-Hoc|iPhoneSimulator.ActiveCfg = Release|Any CPU
		{D7809D69-8CCD-40B2-A49A-0AF34D356E71}.Ad-Hoc|iPhoneSimulator.Build.0 = Release|Any CPU
		{D7809D69-8CCD-40B2-A49A-0AF34D356E71}.Ad-Hoc|iPhoneSimulator.Deploy.0 = Release|Any CPU
		{D7809D69-8CCD-40B2-A49A-0AF34D356E71}.AppStore|Any CPU.ActiveCfg = Release|Any CPU
		{D7809D69-8CCD-40B2-A49A-0AF34D356E71}.AppStore|Any CPU.Build.0 = Release|Any CPU
		{D7809D69-8CCD-40B2-A49A-0AF34D356E71}.AppStore|Any CPU.Deploy.0 = Release|Any CPU
		{D7809D69-8CCD-40B2-A49A-0AF34D356E71}.AppStore|iPhone.ActiveCfg = Debug|Any CPU
		{D7809D69-8CCD-40B2-A49A-0AF34D356E71}.AppStore|iPhone.Build.0 = Debug|Any CPU
		{D7809D69-8CCD-40B2-A49A-0AF34D356E71}.AppStore|iPhoneSimulator.ActiveCfg = Release|Any CPU
		{D7809D69-8CCD-40B2-A49A-0AF34D356E71}.AppStore|iPhoneSimulator.Build.0 = Release|Any CPU
		{D7809D69-8CCD-40B2-A49A-0AF34D356E71}.AppStore|iPhoneSimulator.Deploy.0 = Release|Any CPU
		{D7809D69-8CCD-40B2-A49A-0AF34D356E71}.Debug|Any CPU.ActiveCfg = Debug|Any CPU
		{D7809D69-8CCD-40B2-A49A-0AF34D356E71}.Debug|Any CPU.Build.0 = Debug|Any CPU
		{D7809D69-8CCD-40B2-A49A-0AF34D356E71}.Debug|iPhone.ActiveCfg = Debug|Any CPU
		{D7809D69-8CCD-40B2-A49A-0AF34D356E71}.Debug|iPhone.Build.0 = Debug|Any CPU
		{D7809D69-8CCD-40B2-A49A-0AF34D356E71}.Debug|iPhoneSimulator.ActiveCfg = Debug|Any CPU
		{D7809D69-8CCD-40B2-A49A-0AF34D356E71}.Debug|iPhoneSimulator.Build.0 = Debug|Any CPU
		{D7809D69-8CCD-40B2-A49A-0AF34D356E71}.Release|Any CPU.ActiveCfg = Release|Any CPU
		{D7809D69-8CCD-40B2-A49A-0AF34D356E71}.Release|Any CPU.Build.0 = Release|Any CPU
		{D7809D69-8CCD-40B2-A49A-0AF34D356E71}.Release|iPhone.ActiveCfg = Release|Any CPU
		{D7809D69-8CCD-40B2-A49A-0AF34D356E71}.Release|iPhone.Build.0 = Release|Any CPU
		{D7809D69-8CCD-40B2-A49A-0AF34D356E71}.Release|iPhoneSimulator.ActiveCfg = Release|Any CPU
		{D7809D69-8CCD-40B2-A49A-0AF34D356E71}.Release|iPhoneSimulator.Build.0 = Release|Any CPU
		{42F16A26-2F41-4048-9E59-5E03D98B2D87}.Ad-Hoc|Any CPU.ActiveCfg = Ad-Hoc|iPhoneSimulator
		{42F16A26-2F41-4048-9E59-5E03D98B2D87}.Ad-Hoc|iPhone.ActiveCfg = Ad-Hoc|iPhone
		{42F16A26-2F41-4048-9E59-5E03D98B2D87}.Ad-Hoc|iPhone.Build.0 = Ad-Hoc|iPhone
		{42F16A26-2F41-4048-9E59-5E03D98B2D87}.Ad-Hoc|iPhoneSimulator.ActiveCfg = Ad-Hoc|iPhoneSimulator
		{42F16A26-2F41-4048-9E59-5E03D98B2D87}.Ad-Hoc|iPhoneSimulator.Build.0 = Ad-Hoc|iPhoneSimulator
		{42F16A26-2F41-4048-9E59-5E03D98B2D87}.AppStore|Any CPU.ActiveCfg = AppStore|iPhoneSimulator
		{42F16A26-2F41-4048-9E59-5E03D98B2D87}.AppStore|iPhone.ActiveCfg = AppStore|iPhone
		{42F16A26-2F41-4048-9E59-5E03D98B2D87}.AppStore|iPhone.Build.0 = AppStore|iPhone
		{42F16A26-2F41-4048-9E59-5E03D98B2D87}.AppStore|iPhoneSimulator.ActiveCfg = AppStore|iPhoneSimulator
		{42F16A26-2F41-4048-9E59-5E03D98B2D87}.AppStore|iPhoneSimulator.Build.0 = AppStore|iPhoneSimulator
		{42F16A26-2F41-4048-9E59-5E03D98B2D87}.Debug|Any CPU.ActiveCfg = Debug|iPhoneSimulator
		{42F16A26-2F41-4048-9E59-5E03D98B2D87}.Debug|Any CPU.Build.0 = Debug|iPhoneSimulator
		{42F16A26-2F41-4048-9E59-5E03D98B2D87}.Debug|iPhone.ActiveCfg = Debug|iPhone
		{42F16A26-2F41-4048-9E59-5E03D98B2D87}.Debug|iPhone.Build.0 = Debug|iPhone
		{42F16A26-2F41-4048-9E59-5E03D98B2D87}.Debug|iPhoneSimulator.ActiveCfg = Debug|iPhoneSimulator
		{42F16A26-2F41-4048-9E59-5E03D98B2D87}.Debug|iPhoneSimulator.Build.0 = Debug|iPhoneSimulator
		{42F16A26-2F41-4048-9E59-5E03D98B2D87}.Release|Any CPU.ActiveCfg = Release|iPhoneSimulator
		{42F16A26-2F41-4048-9E59-5E03D98B2D87}.Release|Any CPU.Build.0 = Release|iPhoneSimulator
		{42F16A26-2F41-4048-9E59-5E03D98B2D87}.Release|iPhone.ActiveCfg = Release|iPhone
		{42F16A26-2F41-4048-9E59-5E03D98B2D87}.Release|iPhone.Build.0 = Release|iPhone
		{42F16A26-2F41-4048-9E59-5E03D98B2D87}.Release|iPhoneSimulator.ActiveCfg = Release|iPhoneSimulator
		{42F16A26-2F41-4048-9E59-5E03D98B2D87}.Release|iPhoneSimulator.Build.0 = Release|iPhoneSimulator
		{4E105929-FEA0-452C-ABAC-D649D4FC70C5}.Ad-Hoc|Any CPU.ActiveCfg = Release|Any CPU
		{4E105929-FEA0-452C-ABAC-D649D4FC70C5}.Ad-Hoc|Any CPU.Build.0 = Release|Any CPU
		{4E105929-FEA0-452C-ABAC-D649D4FC70C5}.Ad-Hoc|iPhone.ActiveCfg = Debug|Any CPU
		{4E105929-FEA0-452C-ABAC-D649D4FC70C5}.Ad-Hoc|iPhone.Build.0 = Debug|Any CPU
		{4E105929-FEA0-452C-ABAC-D649D4FC70C5}.Ad-Hoc|iPhoneSimulator.ActiveCfg = Release|Any CPU
		{4E105929-FEA0-452C-ABAC-D649D4FC70C5}.Ad-Hoc|iPhoneSimulator.Build.0 = Release|Any CPU
		{4E105929-FEA0-452C-ABAC-D649D4FC70C5}.AppStore|Any CPU.ActiveCfg = Release|Any CPU
		{4E105929-FEA0-452C-ABAC-D649D4FC70C5}.AppStore|Any CPU.Build.0 = Release|Any CPU
		{4E105929-FEA0-452C-ABAC-D649D4FC70C5}.AppStore|iPhone.ActiveCfg = Debug|Any CPU
		{4E105929-FEA0-452C-ABAC-D649D4FC70C5}.AppStore|iPhone.Build.0 = Debug|Any CPU
		{4E105929-FEA0-452C-ABAC-D649D4FC70C5}.AppStore|iPhoneSimulator.ActiveCfg = Release|Any CPU
		{4E105929-FEA0-452C-ABAC-D649D4FC70C5}.AppStore|iPhoneSimulator.Build.0 = Release|Any CPU
		{4E105929-FEA0-452C-ABAC-D649D4FC70C5}.Debug|Any CPU.ActiveCfg = Debug|Any CPU
		{4E105929-FEA0-452C-ABAC-D649D4FC70C5}.Debug|Any CPU.Build.0 = Debug|Any CPU
		{4E105929-FEA0-452C-ABAC-D649D4FC70C5}.Debug|iPhone.ActiveCfg = Debug|Any CPU
		{4E105929-FEA0-452C-ABAC-D649D4FC70C5}.Debug|iPhone.Build.0 = Debug|Any CPU
		{4E105929-FEA0-452C-ABAC-D649D4FC70C5}.Debug|iPhoneSimulator.ActiveCfg = Debug|Any CPU
		{4E105929-FEA0-452C-ABAC-D649D4FC70C5}.Debug|iPhoneSimulator.Build.0 = Debug|Any CPU
		{4E105929-FEA0-452C-ABAC-D649D4FC70C5}.Release|Any CPU.ActiveCfg = Release|Any CPU
		{4E105929-FEA0-452C-ABAC-D649D4FC70C5}.Release|Any CPU.Build.0 = Release|Any CPU
		{4E105929-FEA0-452C-ABAC-D649D4FC70C5}.Release|iPhone.ActiveCfg = Release|Any CPU
		{4E105929-FEA0-452C-ABAC-D649D4FC70C5}.Release|iPhone.Build.0 = Release|Any CPU
		{4E105929-FEA0-452C-ABAC-D649D4FC70C5}.Release|iPhoneSimulator.ActiveCfg = Release|Any CPU
		{4E105929-FEA0-452C-ABAC-D649D4FC70C5}.Release|iPhoneSimulator.Build.0 = Release|Any CPU
		{DA0ED15F-0F7F-4F8A-8DA7-D6EF7F84ED53}.Ad-Hoc|Any CPU.ActiveCfg = Debug|Any CPU
		{DA0ED15F-0F7F-4F8A-8DA7-D6EF7F84ED53}.Ad-Hoc|Any CPU.Build.0 = Debug|Any CPU
		{DA0ED15F-0F7F-4F8A-8DA7-D6EF7F84ED53}.Ad-Hoc|iPhone.ActiveCfg = Debug|Any CPU
		{DA0ED15F-0F7F-4F8A-8DA7-D6EF7F84ED53}.Ad-Hoc|iPhone.Build.0 = Debug|Any CPU
		{DA0ED15F-0F7F-4F8A-8DA7-D6EF7F84ED53}.Ad-Hoc|iPhoneSimulator.ActiveCfg = Debug|Any CPU
		{DA0ED15F-0F7F-4F8A-8DA7-D6EF7F84ED53}.Ad-Hoc|iPhoneSimulator.Build.0 = Debug|Any CPU
		{DA0ED15F-0F7F-4F8A-8DA7-D6EF7F84ED53}.AppStore|Any CPU.ActiveCfg = Debug|Any CPU
		{DA0ED15F-0F7F-4F8A-8DA7-D6EF7F84ED53}.AppStore|Any CPU.Build.0 = Debug|Any CPU
		{DA0ED15F-0F7F-4F8A-8DA7-D6EF7F84ED53}.AppStore|iPhone.ActiveCfg = Debug|Any CPU
		{DA0ED15F-0F7F-4F8A-8DA7-D6EF7F84ED53}.AppStore|iPhone.Build.0 = Debug|Any CPU
		{DA0ED15F-0F7F-4F8A-8DA7-D6EF7F84ED53}.AppStore|iPhoneSimulator.ActiveCfg = Debug|Any CPU
		{DA0ED15F-0F7F-4F8A-8DA7-D6EF7F84ED53}.AppStore|iPhoneSimulator.Build.0 = Debug|Any CPU
		{DA0ED15F-0F7F-4F8A-8DA7-D6EF7F84ED53}.Debug|Any CPU.ActiveCfg = Debug|Any CPU
		{DA0ED15F-0F7F-4F8A-8DA7-D6EF7F84ED53}.Debug|Any CPU.Build.0 = Debug|Any CPU
		{DA0ED15F-0F7F-4F8A-8DA7-D6EF7F84ED53}.Debug|iPhone.ActiveCfg = Debug|Any CPU
		{DA0ED15F-0F7F-4F8A-8DA7-D6EF7F84ED53}.Debug|iPhone.Build.0 = Debug|Any CPU
		{DA0ED15F-0F7F-4F8A-8DA7-D6EF7F84ED53}.Debug|iPhoneSimulator.ActiveCfg = Debug|Any CPU
		{DA0ED15F-0F7F-4F8A-8DA7-D6EF7F84ED53}.Debug|iPhoneSimulator.Build.0 = Debug|Any CPU
		{DA0ED15F-0F7F-4F8A-8DA7-D6EF7F84ED53}.Release|Any CPU.ActiveCfg = Release|Any CPU
		{DA0ED15F-0F7F-4F8A-8DA7-D6EF7F84ED53}.Release|Any CPU.Build.0 = Release|Any CPU
		{DA0ED15F-0F7F-4F8A-8DA7-D6EF7F84ED53}.Release|iPhone.ActiveCfg = Release|Any CPU
		{DA0ED15F-0F7F-4F8A-8DA7-D6EF7F84ED53}.Release|iPhone.Build.0 = Release|Any CPU
		{DA0ED15F-0F7F-4F8A-8DA7-D6EF7F84ED53}.Release|iPhoneSimulator.ActiveCfg = Release|Any CPU
		{DA0ED15F-0F7F-4F8A-8DA7-D6EF7F84ED53}.Release|iPhoneSimulator.Build.0 = Release|Any CPU
		{9FC0EE85-9E25-4415-8220-86E1B4DDE134}.Ad-Hoc|Any CPU.ActiveCfg = Debug|Any CPU
		{9FC0EE85-9E25-4415-8220-86E1B4DDE134}.Ad-Hoc|Any CPU.Build.0 = Debug|Any CPU
		{9FC0EE85-9E25-4415-8220-86E1B4DDE134}.Ad-Hoc|iPhone.ActiveCfg = Debug|Any CPU
		{9FC0EE85-9E25-4415-8220-86E1B4DDE134}.Ad-Hoc|iPhone.Build.0 = Debug|Any CPU
		{9FC0EE85-9E25-4415-8220-86E1B4DDE134}.Ad-Hoc|iPhoneSimulator.ActiveCfg = Debug|Any CPU
		{9FC0EE85-9E25-4415-8220-86E1B4DDE134}.Ad-Hoc|iPhoneSimulator.Build.0 = Debug|Any CPU
		{9FC0EE85-9E25-4415-8220-86E1B4DDE134}.AppStore|Any CPU.ActiveCfg = Debug|Any CPU
		{9FC0EE85-9E25-4415-8220-86E1B4DDE134}.AppStore|Any CPU.Build.0 = Debug|Any CPU
		{9FC0EE85-9E25-4415-8220-86E1B4DDE134}.AppStore|iPhone.ActiveCfg = Debug|Any CPU
		{9FC0EE85-9E25-4415-8220-86E1B4DDE134}.AppStore|iPhone.Build.0 = Debug|Any CPU
		{9FC0EE85-9E25-4415-8220-86E1B4DDE134}.AppStore|iPhoneSimulator.ActiveCfg = Debug|Any CPU
		{9FC0EE85-9E25-4415-8220-86E1B4DDE134}.AppStore|iPhoneSimulator.Build.0 = Debug|Any CPU
		{9FC0EE85-9E25-4415-8220-86E1B4DDE134}.Debug|Any CPU.ActiveCfg = Debug|Any CPU
		{9FC0EE85-9E25-4415-8220-86E1B4DDE134}.Debug|Any CPU.Build.0 = Debug|Any CPU
		{9FC0EE85-9E25-4415-8220-86E1B4DDE134}.Debug|iPhone.ActiveCfg = Debug|Any CPU
		{9FC0EE85-9E25-4415-8220-86E1B4DDE134}.Debug|iPhone.Build.0 = Debug|Any CPU
		{9FC0EE85-9E25-4415-8220-86E1B4DDE134}.Debug|iPhoneSimulator.ActiveCfg = Debug|Any CPU
		{9FC0EE85-9E25-4415-8220-86E1B4DDE134}.Debug|iPhoneSimulator.Build.0 = Debug|Any CPU
		{9FC0EE85-9E25-4415-8220-86E1B4DDE134}.Release|Any CPU.ActiveCfg = Release|Any CPU
		{9FC0EE85-9E25-4415-8220-86E1B4DDE134}.Release|Any CPU.Build.0 = Release|Any CPU
		{9FC0EE85-9E25-4415-8220-86E1B4DDE134}.Release|iPhone.ActiveCfg = Release|Any CPU
		{9FC0EE85-9E25-4415-8220-86E1B4DDE134}.Release|iPhone.Build.0 = Release|Any CPU
		{9FC0EE85-9E25-4415-8220-86E1B4DDE134}.Release|iPhoneSimulator.ActiveCfg = Release|Any CPU
		{9FC0EE85-9E25-4415-8220-86E1B4DDE134}.Release|iPhoneSimulator.Build.0 = Release|Any CPU
		{80A96B52-6758-4BDB-B0B4-CEA4CA155C60}.Ad-Hoc|Any CPU.ActiveCfg = Release|iPhone
		{80A96B52-6758-4BDB-B0B4-CEA4CA155C60}.Ad-Hoc|Any CPU.Build.0 = Release|iPhone
		{80A96B52-6758-4BDB-B0B4-CEA4CA155C60}.Ad-Hoc|iPhone.ActiveCfg = Release|iPhone
		{80A96B52-6758-4BDB-B0B4-CEA4CA155C60}.Ad-Hoc|iPhone.Build.0 = Release|iPhone
		{80A96B52-6758-4BDB-B0B4-CEA4CA155C60}.Ad-Hoc|iPhoneSimulator.ActiveCfg = Release|iPhoneSimulator
		{80A96B52-6758-4BDB-B0B4-CEA4CA155C60}.Ad-Hoc|iPhoneSimulator.Build.0 = Release|iPhoneSimulator
		{80A96B52-6758-4BDB-B0B4-CEA4CA155C60}.AppStore|Any CPU.ActiveCfg = Release|iPhone
		{80A96B52-6758-4BDB-B0B4-CEA4CA155C60}.AppStore|Any CPU.Build.0 = Release|iPhone
		{80A96B52-6758-4BDB-B0B4-CEA4CA155C60}.AppStore|iPhone.ActiveCfg = Release|iPhone
		{80A96B52-6758-4BDB-B0B4-CEA4CA155C60}.AppStore|iPhone.Build.0 = Release|iPhone
		{80A96B52-6758-4BDB-B0B4-CEA4CA155C60}.AppStore|iPhoneSimulator.ActiveCfg = Release|iPhoneSimulator
		{80A96B52-6758-4BDB-B0B4-CEA4CA155C60}.AppStore|iPhoneSimulator.Build.0 = Release|iPhoneSimulator
		{80A96B52-6758-4BDB-B0B4-CEA4CA155C60}.Debug|Any CPU.ActiveCfg = Debug|iPhone
		{80A96B52-6758-4BDB-B0B4-CEA4CA155C60}.Debug|iPhone.ActiveCfg = Debug|iPhone
		{80A96B52-6758-4BDB-B0B4-CEA4CA155C60}.Debug|iPhone.Build.0 = Debug|iPhone
		{80A96B52-6758-4BDB-B0B4-CEA4CA155C60}.Debug|iPhoneSimulator.ActiveCfg = Debug|iPhoneSimulator
		{80A96B52-6758-4BDB-B0B4-CEA4CA155C60}.Debug|iPhoneSimulator.Build.0 = Debug|iPhoneSimulator
		{80A96B52-6758-4BDB-B0B4-CEA4CA155C60}.Release|Any CPU.ActiveCfg = Release|iPhone
		{80A96B52-6758-4BDB-B0B4-CEA4CA155C60}.Release|iPhone.ActiveCfg = Release|iPhone
		{80A96B52-6758-4BDB-B0B4-CEA4CA155C60}.Release|iPhone.Build.0 = Release|iPhone
		{80A96B52-6758-4BDB-B0B4-CEA4CA155C60}.Release|iPhoneSimulator.ActiveCfg = Release|iPhoneSimulator
		{80A96B52-6758-4BDB-B0B4-CEA4CA155C60}.Release|iPhoneSimulator.Build.0 = Release|iPhoneSimulator
		{F392F657-3A42-41FC-BA6E-529EF0F5BF29}.Ad-Hoc|Any CPU.ActiveCfg = Release|Any CPU
		{F392F657-3A42-41FC-BA6E-529EF0F5BF29}.Ad-Hoc|Any CPU.Build.0 = Release|Any CPU
		{F392F657-3A42-41FC-BA6E-529EF0F5BF29}.Ad-Hoc|Any CPU.Deploy.0 = Release|Any CPU
		{F392F657-3A42-41FC-BA6E-529EF0F5BF29}.Ad-Hoc|iPhone.ActiveCfg = Release|Any CPU
		{F392F657-3A42-41FC-BA6E-529EF0F5BF29}.Ad-Hoc|iPhone.Build.0 = Release|Any CPU
		{F392F657-3A42-41FC-BA6E-529EF0F5BF29}.Ad-Hoc|iPhone.Deploy.0 = Release|Any CPU
		{F392F657-3A42-41FC-BA6E-529EF0F5BF29}.Ad-Hoc|iPhoneSimulator.ActiveCfg = Release|Any CPU
		{F392F657-3A42-41FC-BA6E-529EF0F5BF29}.Ad-Hoc|iPhoneSimulator.Build.0 = Release|Any CPU
		{F392F657-3A42-41FC-BA6E-529EF0F5BF29}.Ad-Hoc|iPhoneSimulator.Deploy.0 = Release|Any CPU
		{F392F657-3A42-41FC-BA6E-529EF0F5BF29}.AppStore|Any CPU.ActiveCfg = Release|Any CPU
		{F392F657-3A42-41FC-BA6E-529EF0F5BF29}.AppStore|Any CPU.Build.0 = Release|Any CPU
		{F392F657-3A42-41FC-BA6E-529EF0F5BF29}.AppStore|Any CPU.Deploy.0 = Release|Any CPU
		{F392F657-3A42-41FC-BA6E-529EF0F5BF29}.AppStore|iPhone.ActiveCfg = Release|Any CPU
		{F392F657-3A42-41FC-BA6E-529EF0F5BF29}.AppStore|iPhone.Build.0 = Release|Any CPU
		{F392F657-3A42-41FC-BA6E-529EF0F5BF29}.AppStore|iPhone.Deploy.0 = Release|Any CPU
		{F392F657-3A42-41FC-BA6E-529EF0F5BF29}.AppStore|iPhoneSimulator.ActiveCfg = Release|Any CPU
		{F392F657-3A42-41FC-BA6E-529EF0F5BF29}.AppStore|iPhoneSimulator.Build.0 = Release|Any CPU
		{F392F657-3A42-41FC-BA6E-529EF0F5BF29}.AppStore|iPhoneSimulator.Deploy.0 = Release|Any CPU
		{F392F657-3A42-41FC-BA6E-529EF0F5BF29}.Debug|Any CPU.ActiveCfg = Debug|Any CPU
		{F392F657-3A42-41FC-BA6E-529EF0F5BF29}.Debug|Any CPU.Build.0 = Debug|Any CPU
		{F392F657-3A42-41FC-BA6E-529EF0F5BF29}.Debug|Any CPU.Deploy.0 = Debug|Any CPU
		{F392F657-3A42-41FC-BA6E-529EF0F5BF29}.Debug|iPhone.ActiveCfg = Debug|Any CPU
		{F392F657-3A42-41FC-BA6E-529EF0F5BF29}.Debug|iPhone.Build.0 = Debug|Any CPU
		{F392F657-3A42-41FC-BA6E-529EF0F5BF29}.Debug|iPhone.Deploy.0 = Debug|Any CPU
		{F392F657-3A42-41FC-BA6E-529EF0F5BF29}.Debug|iPhoneSimulator.ActiveCfg = Debug|Any CPU
		{F392F657-3A42-41FC-BA6E-529EF0F5BF29}.Debug|iPhoneSimulator.Build.0 = Debug|Any CPU
		{F392F657-3A42-41FC-BA6E-529EF0F5BF29}.Debug|iPhoneSimulator.Deploy.0 = Debug|Any CPU
		{F392F657-3A42-41FC-BA6E-529EF0F5BF29}.Release|Any CPU.ActiveCfg = Release|Any CPU
		{F392F657-3A42-41FC-BA6E-529EF0F5BF29}.Release|Any CPU.Build.0 = Release|Any CPU
		{F392F657-3A42-41FC-BA6E-529EF0F5BF29}.Release|Any CPU.Deploy.0 = Release|Any CPU
		{F392F657-3A42-41FC-BA6E-529EF0F5BF29}.Release|iPhone.ActiveCfg = Release|Any CPU
		{F392F657-3A42-41FC-BA6E-529EF0F5BF29}.Release|iPhone.Build.0 = Release|Any CPU
		{F392F657-3A42-41FC-BA6E-529EF0F5BF29}.Release|iPhone.Deploy.0 = Release|Any CPU
		{F392F657-3A42-41FC-BA6E-529EF0F5BF29}.Release|iPhoneSimulator.ActiveCfg = Release|Any CPU
		{F392F657-3A42-41FC-BA6E-529EF0F5BF29}.Release|iPhoneSimulator.Build.0 = Release|Any CPU
		{F392F657-3A42-41FC-BA6E-529EF0F5BF29}.Release|iPhoneSimulator.Deploy.0 = Release|Any CPU
		{BEDFB6F1-EC2D-4508-9CC9-14ED04D6ECC0}.Ad-Hoc|Any CPU.ActiveCfg = Debug|Any CPU
		{BEDFB6F1-EC2D-4508-9CC9-14ED04D6ECC0}.Ad-Hoc|Any CPU.Build.0 = Debug|Any CPU
		{BEDFB6F1-EC2D-4508-9CC9-14ED04D6ECC0}.Ad-Hoc|iPhone.ActiveCfg = Debug|Any CPU
		{BEDFB6F1-EC2D-4508-9CC9-14ED04D6ECC0}.Ad-Hoc|iPhone.Build.0 = Debug|Any CPU
		{BEDFB6F1-EC2D-4508-9CC9-14ED04D6ECC0}.Ad-Hoc|iPhoneSimulator.ActiveCfg = Debug|Any CPU
		{BEDFB6F1-EC2D-4508-9CC9-14ED04D6ECC0}.Ad-Hoc|iPhoneSimulator.Build.0 = Debug|Any CPU
		{BEDFB6F1-EC2D-4508-9CC9-14ED04D6ECC0}.AppStore|Any CPU.ActiveCfg = Debug|Any CPU
		{BEDFB6F1-EC2D-4508-9CC9-14ED04D6ECC0}.AppStore|Any CPU.Build.0 = Debug|Any CPU
		{BEDFB6F1-EC2D-4508-9CC9-14ED04D6ECC0}.AppStore|iPhone.ActiveCfg = Debug|Any CPU
		{BEDFB6F1-EC2D-4508-9CC9-14ED04D6ECC0}.AppStore|iPhone.Build.0 = Debug|Any CPU
		{BEDFB6F1-EC2D-4508-9CC9-14ED04D6ECC0}.AppStore|iPhoneSimulator.ActiveCfg = Debug|Any CPU
		{BEDFB6F1-EC2D-4508-9CC9-14ED04D6ECC0}.AppStore|iPhoneSimulator.Build.0 = Debug|Any CPU
		{BEDFB6F1-EC2D-4508-9CC9-14ED04D6ECC0}.Debug|Any CPU.ActiveCfg = Debug|Any CPU
		{BEDFB6F1-EC2D-4508-9CC9-14ED04D6ECC0}.Debug|Any CPU.Build.0 = Debug|Any CPU
		{BEDFB6F1-EC2D-4508-9CC9-14ED04D6ECC0}.Debug|iPhone.ActiveCfg = Debug|Any CPU
		{BEDFB6F1-EC2D-4508-9CC9-14ED04D6ECC0}.Debug|iPhone.Build.0 = Debug|Any CPU
		{BEDFB6F1-EC2D-4508-9CC9-14ED04D6ECC0}.Debug|iPhoneSimulator.ActiveCfg = Debug|Any CPU
		{BEDFB6F1-EC2D-4508-9CC9-14ED04D6ECC0}.Debug|iPhoneSimulator.Build.0 = Debug|Any CPU
		{BEDFB6F1-EC2D-4508-9CC9-14ED04D6ECC0}.Release|Any CPU.ActiveCfg = Release|Any CPU
		{BEDFB6F1-EC2D-4508-9CC9-14ED04D6ECC0}.Release|Any CPU.Build.0 = Release|Any CPU
		{BEDFB6F1-EC2D-4508-9CC9-14ED04D6ECC0}.Release|iPhone.ActiveCfg = Release|Any CPU
		{BEDFB6F1-EC2D-4508-9CC9-14ED04D6ECC0}.Release|iPhone.Build.0 = Release|Any CPU
		{BEDFB6F1-EC2D-4508-9CC9-14ED04D6ECC0}.Release|iPhoneSimulator.ActiveCfg = Release|Any CPU
		{BEDFB6F1-EC2D-4508-9CC9-14ED04D6ECC0}.Release|iPhoneSimulator.Build.0 = Release|Any CPU
	EndGlobalSection
	GlobalSection(SolutionProperties) = preSolution
		HideSolutionNode = FALSE
	EndGlobalSection
	GlobalSection(NestedProjects) = preSolution
		{C62BC666-3099-43E5-81F7-65D971220E75} = {E93E4A79-5FD7-40FA-BE5A-AA6007999A7E}
		{A3813AD1-5E85-4F44-95C8-11C50A30F8DD} = {E93E4A79-5FD7-40FA-BE5A-AA6007999A7E}
		{D7809D69-8CCD-40B2-A49A-0AF34D356E71} = {C62BC666-3099-43E5-81F7-65D971220E75}
		{42F16A26-2F41-4048-9E59-5E03D98B2D87} = {C62BC666-3099-43E5-81F7-65D971220E75}
		{4E105929-FEA0-452C-ABAC-D649D4FC70C5} = {C62BC666-3099-43E5-81F7-65D971220E75}
		{9FC0EE85-9E25-4415-8220-86E1B4DDE134} = {A3813AD1-5E85-4F44-95C8-11C50A30F8DD}
		{80A96B52-6758-4BDB-B0B4-CEA4CA155C60} = {A3813AD1-5E85-4F44-95C8-11C50A30F8DD}
		{F392F657-3A42-41FC-BA6E-529EF0F5BF29} = {A3813AD1-5E85-4F44-95C8-11C50A30F8DD}
		{BEDFB6F1-EC2D-4508-9CC9-14ED04D6ECC0} = {C0729E20-51F7-4AF3-8F61-FB8FFCE45EF0}
	EndGlobalSection
	GlobalSection(ExtensibilityGlobals) = postSolution
		SolutionGuid = {325343AF-02F2-4765-B950-965AF53950E2}
	EndGlobalSection
EndGlobal
